
Microsoft Visual Studio Solution File, Format Version 12.00
# Visual Studio 15
VisualStudioVersion = 15.0.27703.2018
MinimumVisualStudioVersion = 10.0.40219.1
Project("{FAE04EC0-301F-11D3-BF4B-00C04F79EFBC}") = "SydMeetup.PlacesDirectory", "SydMeetup.PlacesDirectory\SydMeetup.PlacesDirectory.csproj", "{EBA09552-3783-4739-9281-D5C69D690076}"
EndProject
Project("{FAE04EC0-301F-11D3-BF4B-00C04F79EFBC}") = "SydMeetup.PlacesDirectory.Bot", "SydMeetup.PlacesDirectory.Bot\SydMeetup.PlacesDirectory.Bot.csproj", "{3C92BA65-050C-4276-AED8-B3D4C017A51C}"
EndProject
Global
	GlobalSection(SolutionConfigurationPlatforms) = preSolution
		Debug|Any CPU = Debug|Any CPU
		Release|Any CPU = Release|Any CPU
	EndGlobalSection
	GlobalSection(ProjectConfigurationPlatforms) = postSolution
		{EBA09552-3783-4739-9281-D5C69D690076}.Debug|Any CPU.ActiveCfg = Debug|Any CPU
		{EBA09552-3783-4739-9281-D5C69D690076}.Debug|Any CPU.Build.0 = Debug|Any CPU
		{EBA09552-3783-4739-9281-D5C69D690076}.Release|Any CPU.ActiveCfg = Release|Any CPU
		{EBA09552-3783-4739-9281-D5C69D690076}.Release|Any CPU.Build.0 = Release|Any CPU
		{3C92BA65-050C-4276-AED8-B3D4C017A51C}.Debug|Any CPU.ActiveCfg = Debug|Any CPU
		{3C92BA65-050C-4276-AED8-B3D4C017A51C}.Debug|Any CPU.Build.0 = Debug|Any CPU
		{3C92BA65-050C-4276-AED8-B3D4C017A51C}.Release|Any CPU.ActiveCfg = Release|Any CPU
		{3C92BA65-050C-4276-AED8-B3D4C017A51C}.Release|Any CPU.Build.0 = Release|Any CPU
	EndGlobalSection
	GlobalSection(SolutionProperties) = preSolution
		HideSolutionNode = FALSE
	EndGlobalSection
	GlobalSection(ExtensibilityGlobals) = postSolution
		SolutionGuid = {01EEA38C-AFBF-41D3-A43A-439AC3753716}
	EndGlobalSection
EndGlobal
